// !$*UTF8*$!
{
	archiveVersion = 1;
	classes = {
	};
	objectVersion = 50;
	objects = {

/* Begin PBXBuildFile section */
		AE83B40B25878C7A0040F37E /* main.c in Sources */ = {isa = PBXBuildFile; fileRef = AE83B40A25878C7A0040F37E /* main.c */; };
		AE83B4132587A14A0040F37E /* schedule.c in Sources */ = {isa = PBXBuildFile; fileRef = AE83B4122587A14A0040F37E /* schedule.c */; };
		AE83B4162587A19A0040F37E /* linkedList.c in Sources */ = {isa = PBXBuildFile; fileRef = AE83B4152587A19A0040F37E /* linkedList.c */; };
/* End PBXBuildFile section */

/* Begin PBXCopyFilesBuildPhase section */
		AE83B40525878C7A0040F37E /* CopyFiles */ = {
			isa = PBXCopyFilesBuildPhase;
			buildActionMask = 2147483647;
			dstPath = /usr/share/man/man1/;
			dstSubfolderSpec = 0;
			files = (
			);
			runOnlyForDeploymentPostprocessing = 1;
		};
/* End PBXCopyFilesBuildPhase section */

/* Begin PBXFileReference section */
		AE83B40725878C7A0040F37E /* project */ = {isa = PBXFileReference; explicitFileType = "compiled.mach-o.executable"; includeInIndex = 0; path = project; sourceTree = BUILT_PRODUCTS_DIR; };
		AE83B40A25878C7A0040F37E /* main.c */ = {isa = PBXFileReference; lastKnownFileType = sourcecode.c.c; path = main.c; sourceTree = "<group>"; };
		AE83B4112587A14A0040F37E /* schedule.h */ = {isa = PBXFileReference; lastKnownFileType = sourcecode.c.h; path = schedule.h; sourceTree = "<group>"; };
		AE83B4122587A14A0040F37E /* schedule.c */ = {isa = PBXFileReference; lastKnownFileType = sourcecode.c.c; path = schedule.c; sourceTree = "<group>"; };
		AE83B4142587A19A0040F37E /* linkedList.h */ = {isa = PBXFileReference; lastKnownFileType = sourcecode.c.h; path = linkedList.h; sourceTree = "<group>"; };
		AE83B4152587A19A0040F37E /* linkedList.c */ = {isa = PBXFileReference; lastKnownFileType = sourcecode.c.c; path = linkedList.c; sourceTree = "<group>"; };
/* End PBXFileReference section */

/* Begin PBXFrameworksBuildPhase section */
		AE83B40425878C7A0040F37E /* Frameworks */ = {
			isa = PBXFrameworksBuildPhase;
			buildActionMask = 2147483647;
			files = (
			);
			runOnlyForDeploymentPostprocessing = 0;
		};
/* End PBXFrameworksBuildPhase section */

/* Begin PBXGroup section */
		AE83B3FE25878C7A0040F37E = {
			isa = PBXGroup;
			children = (
				AE83B40925878C7A0040F37E /* project */,
				AE83B40825878C7A0040F37E /* Products */,
			);
			sourceTree = "<group>";
		};
		AE83B40825878C7A0040F37E /* Products */ = {
			isa = PBXGroup;
			children = (
				AE83B40725878C7A0040F37E /* project */,
			);
			name = Products;
			sourceTree = "<group>";
		};
		AE83B40925878C7A0040F37E /* project */ = {
			isa = PBXGroup;
			children = (
				AE83B40A25878C7A0040F37E /* main.c */,
				AE83B4112587A14A0040F37E /* schedule.h */,
				AE83B4122587A14A0040F37E /* schedule.c */,
				AE83B4142587A19A0040F37E /* linkedList.h */,
				AE83B4152587A19A0040F37E /* linkedList.c */,
			);
			path = project;
			sourceTree = "<group>";
		};
/* End PBXGroup section */

/* Begin PBXNativeTarget section */
		AE83B40625878C7A0040F37E /* project */ = {
			isa = PBXNativeTarget;
			buildConfigurationList = AE83B40E25878C7A0040F37E /* Build configuration list for PBXNativeTarget "project" */;
			buildPhases = (
				AE83B40325878C7A0040F37E /* Sources */,
				AE83B40425878C7A0040F37E /* Frameworks */,
				AE83B40525878C7A0040F37E /* CopyFiles */,
			);
			buildRules = (
			);
			dependencies = (
			);
			name = project;
			productName = project;
			productReference = AE83B40725878C7A0040F37E /* project */;
			productType = "com.apple.product-type.tool";
		};
/* End PBXNativeTarget section */

/* Begin PBXProject section */
		AE83B3FF25878C7A0040F37E /* Project object */ = {
			isa = PBXProject;
			attributes = {
				LastUpgradeCheck = 1170;
				ORGANIZATIONNAME = "이유진";
				TargetAttributes = {
					AE83B40625878C7A0040F37E = {
						CreatedOnToolsVersion = 11.7;
					};
				};
			};
			buildConfigurationList = AE83B40225878C7A0040F37E /* Build configuration list for PBXProject "project" */;
			compatibilityVersion = "Xcode 9.3";
			developmentRegion = en;
			hasScannedForEncodings = 0;
			knownRegions = (
				en,
				Base,
			);
			mainGroup = AE83B3FE25878C7A0040F37E;
			productRefGroup = AE83B40825878C7A0040F37E /* Products */;
			projectDirPath = "";
			projectRoot = "";
			targets = (
				AE83B40625878C7A0040F37E /* project */,
			);
		};
/* End PBXProject section */

/* Begin PBXSourcesBuildPhase section */
		AE83B40325878C7A0040F37E /* Sources */ = {
			isa = PBXSourcesBuildPhase;
			buildActionMask = 2147483647;
			files = (
				AE83B4132587A14A0040F37E /* schedule.c in Sources */,
				AE83B40B25878C7A0040F37E /* main.c in Sources */,
				AE83B4162587A19A0040F37E /* linkedList.c in Sources */,
			);
			runOnlyForDeploymentPostprocessing = 0;
		};
/* End PBXSourcesBuildPhase section */

/* Begin XCBuildConfiguration section */
		AE83B40C25878C7A0040F37E /* Debug */ = {
			isa = XCBuildConfiguration;
			buildSettings = {
				ALWAYS_SEARCH_USER_PATHS = NO;
				CLANG_ANALYZER_NONNULL = YES;
				CLANG_ANALYZER_NUMBER_OBJECT_CONVERSION = YES_AGGRESSIVE;
				CLANG_CXX_LANGUAGE_STANDARD = "gnu++14";
				CLANG_CXX_LIBRARY = "libc++";
				CLANG_ENABLE_MODULES = YES;
				CLANG_ENABLE_OBJC_ARC = YES;
				CLANG_ENABLE_OBJC_WEAK = YES;
				CLANG_WARN_BLOCK_CAPTURE_AUTORELEASING = YES;
				CLANG_WARN_BOOL_CONVERSION = YES;
				CLANG_WARN_COMMA = YES;
				CLANG_WARN_CONSTANT_CONVERSION = YES;
				CLANG_WARN_DEPRECATED_OBJC_IMPLEMENTATIONS = YES;
				CLANG_WARN_DIRECT_OBJC_ISA_USAGE = YES_ERROR;
				CLANG_WARN_DOCUMENTATION_COMMENTS = YES;
				CLANG_WARN_EMPTY_BODY = YES;
				CLANG_WARN_ENUM_CONVERSION = YES;
				CLANG_WARN_INFINITE_RECURSION = YES;
				CLANG_WARN_INT_CONVERSION = YES;
				CLANG_WARN_NON_LITERAL_NULL_CONVERSION = YES;
				CLANG_WARN_OBJC_IMPLICIT_RETAIN_SELF = YES;
				CLANG_WARN_OBJC_LITERAL_CONVERSION = YES;
				CLANG_WARN_OBJC_ROOT_CLASS = YES_ERROR;
				CLANG_WARN_RANGE_LOOP_ANALYSIS = YES;
				CLANG_WARN_STRICT_PROTOTYPES = YES;
				CLANG_WARN_SUSPICIOUS_MOVE = YES;
				CLANG_WARN_UNGUARDED_AVAILABILITY = YES_AGGRESSIVE;
				CLANG_WARN_UNREACHABLE_CODE = YES;
				CLANG_WARN__DUPLICATE_METHOD_MATCH = YES;
				COPY_PHASE_STRIP = NO;
				DEBUG_INFORMATION_FORMAT = dwarf;
				ENABLE_STRICT_OBJC_MSGSEND = YES;
				ENABLE_TESTABILITY = YES;
				GCC_C_LANGUAGE_STANDARD = gnu11;
				GCC_DYNAMIC_NO_PIC = NO;
				GCC_NO_COMMON_BLOCKS = YES;
				GCC_OPTIMIZATION_LEVEL = 0;
				GCC_PREPROCESSOR_DEFINITIONS = (
					"DEBUG=1",
					"$(inherited)",
				);
				GCC_WARN_64_TO_32_BIT_CONVERSION = YES;
				GCC_WARN_ABOUT_RETURN_TYPE = YES_ERROR;
				GCC_WARN_UNDECLARED_SELECTOR = YES;
				GCC_WARN_UNINITIALIZED_AUTOS = YES_AGGRESSIVE;
				GCC_WARN_UNUSED_FUNCTION = YES;
				GCC_WARN_UNUSED_VARIABLE = YES;
				MACOSX_DEPLOYMENT_TARGET = 10.16;
				MTL_ENABLE_DEBUG_INFO = INCLUDE_SOURCE;
				MTL_FAST_MATH = YES;
				ONLY_ACTIVE_ARCH = YES;
				SDKROOT = macosx;
			};
			name = Debug;
		};
		AE83B40D25878C7A0040F37E /* Release */ = {
			isa = XCBuildConfiguration;
			buildSettings = {
				ALWAYS_SEARCH_USER_PATHS = NO;
				CLANG_ANALYZER_NONNULL = YES;
				CLANG_ANALYZER_NUMBER_OBJECT_CONVERSION = YES_AGGRESSIVE;
				CLANG_CXX_LANGUAGE_STANDARD = "gnu++14";
				CLANG_CXX_LIBRARY = "libc++";
				CLANG_ENABLE_MODULES = YES;
				CLANG_ENABLE_OBJC_ARC = YES;
				CLANG_ENABLE_OBJC_WEAK = YES;
				CLANG_WARN_BLOCK_CAPTURE_AUTORELEASING = YES;
				CLANG_WARN_BOOL_CONVERSION = YES;
				CLANG_WARN_COMMA = YES;
				CLANG_WARN_CONSTANT_CONVERSION = YES;
				CLANG_WARN_DEPRECATED_OBJC_IMPLEMENTATIONS = YES;
				CLANG_WARN_DIRECT_OBJC_ISA_USAGE = YES_ERROR;
				CLANG_WARN_DOCUMENTATION_COMMENTS = YES;
				CLANG_WARN_EMPTY_BODY = YES;
				CLANG_WARN_ENUM_CONVERSION = YES;
				CLANG_WARN_INFINITE_RECURSION = YES;
				CLANG_WARN_INT_CONVERSION = YES;
				CLANG_WARN_NON_LITERAL_NULL_CONVERSION = YES;
				CLANG_WARN_OBJC_IMPLICIT_RETAIN_SELF = YES;
				CLANG_WARN_OBJC_LITERAL_CONVERSION = YES;
				CLANG_WARN_OBJC_ROOT_CLASS = YES_ERROR;
				CLANG_WARN_RANGE_LOOP_ANALYSIS = YES;
				CLANG_WARN_STRICT_PROTOTYPES = YES;
				CLANG_WARN_SUSPICIOUS_MOVE = YES;
				CLANG_WARN_UNGUARDED_AVAILABILITY = YES_AGGRESSIVE;
				CLANG_WARN_UNREACHABLE_CODE = YES;
				CLANG_WARN__DUPLICATE_METHOD_MATCH = YES;
				COPY_PHASE_STRIP = NO;
				DEBUG_INFORMATION_FORMAT = "dwarf-with-dsym";
				ENABLE_NS_ASSERTIONS = NO;
				ENABLE_STRICT_OBJC_MSGSEND = YES;
				GCC_C_LANGUAGE_STANDARD = gnu11;
				GCC_NO_COMMON_BLOCKS = YES;
				GCC_WARN_64_TO_32_BIT_CONVERSION = YES;
				GCC_WARN_ABOUT_RETURN_TYPE = YES_ERROR;
				GCC_WARN_UNDECLARED_SELECTOR = YES;
				GCC_WARN_UNINITIALIZED_AUTOS = YES_AGGRESSIVE;
				GCC_WARN_UNUSED_FUNCTION = YES;
				GCC_WARN_UNUSED_VARIABLE = YES;
				MACOSX_DEPLOYMENT_TARGET = 10.16;
				MTL_ENABLE_DEBUG_INFO = NO;
				MTL_FAST_MATH = YES;
				SDKROOT = macosx;
			};
			name = Release;
		};
		AE83B40F25878C7A0040F37E /* Debug */ = {
			isa = XCBuildConfiguration;
			buildSettings = {
				CODE_SIGN_STYLE = Automatic;
				PRODUCT_NAME = "$(TARGET_NAME)";
			};
			name = Debug;
		};
		AE83B41025878C7A0040F37E /* Release */ = {
			isa = XCBuildConfiguration;
			buildSettings = {
				CODE_SIGN_STYLE = Automatic;
				PRODUCT_NAME = "$(TARGET_NAME)";
			};
			name = Release;
		};
/* End XCBuildConfiguration section */

/* Begin XCConfigurationList section */
		AE83B40225878C7A0040F37E /* Build configuration list for PBXProject "project" */ = {
			isa = XCConfigurationList;
			buildConfigurations = (
				AE83B40C25878C7A0040F37E /* Debug */,
				AE83B40D25878C7A0040F37E /* Release */,
			);
			defaultConfigurationIsVisible = 0;
			defaultConfigurationName = Release;
		};
		AE83B40E25878C7A0040F37E /* Build configuration list for PBXNativeTarget "project" */ = {
			isa = XCConfigurationList;
			buildConfigurations = (
				AE83B40F25878C7A0040F37E /* Debug */,
				AE83B41025878C7A0040F37E /* Release */,
			);
			defaultConfigurationIsVisible = 0;
			defaultConfigurationName = Release;
		};
/* End XCConfigurationList section */
	};
	rootObject = AE83B3FF25878C7A0040F37E /* Project object */;
}
